
Microsoft Visual Studio Solution File, Format Version 12.00
# Visual Studio 2013
VisualStudioVersion = 12.0.21005.1
MinimumVisualStudioVersion = 10.0.40219.1
Project("{2150E333-8FDC-42A3-9474-1A3956D46DE8}") = "Examples", "Examples", "{6605AF3F-87E0-4129-BE03-0298B1C0DEF9}"
EndProject
Project("{FAE04EC0-301F-11D3-BF4B-00C04F79EFBC}") = "ConsoleStarter", "ConsoleStarter\ConsoleStarter.csproj", "{EAC42867-37BD-4BEA-8E81-B3451BC16705}"
EndProject
Project("{FAE04EC0-301F-11D3-BF4B-00C04F79EFBC}") = "WpfChatApp", "WpfChatApp\WpfChatApp.csproj", "{B1B49D81-D189-41A5-B273-F810080135E7}"
EndProject
Global
	GlobalSection(SolutionConfigurationPlatforms) = preSolution
		Debug|Any CPU = Debug|Any CPU
		Release|Any CPU = Release|Any CPU
	EndGlobalSection
	GlobalSection(ProjectConfigurationPlatforms) = postSolution
		{EAC42867-37BD-4BEA-8E81-B3451BC16705}.Debug|Any CPU.ActiveCfg = Debug|Any CPU
		{EAC42867-37BD-4BEA-8E81-B3451BC16705}.Debug|Any CPU.Build.0 = Debug|Any CPU
		{EAC42867-37BD-4BEA-8E81-B3451BC16705}.Release|Any CPU.ActiveCfg = Release|Any CPU
		{EAC42867-37BD-4BEA-8E81-B3451BC16705}.Release|Any CPU.Build.0 = Release|Any CPU
		{B1B49D81-D189-41A5-B273-F810080135E7}.Debug|Any CPU.ActiveCfg = Debug|Any CPU
		{B1B49D81-D189-41A5-B273-F810080135E7}.Debug|Any CPU.Build.0 = Debug|Any CPU
		{B1B49D81-D189-41A5-B273-F810080135E7}.Release|Any CPU.ActiveCfg = Release|Any CPU
		{B1B49D81-D189-41A5-B273-F810080135E7}.Release|Any CPU.Build.0 = Release|Any CPU
	EndGlobalSection
	GlobalSection(SolutionProperties) = preSolution
		HideSolutionNode = FALSE
	EndGlobalSection
	GlobalSection(NestedProjects) = preSolution
		{B1B49D81-D189-41A5-B273-F810080135E7} = {6605AF3F-87E0-4129-BE03-0298B1C0DEF9}
	EndGlobalSection
EndGlobal
